
Microsoft Visual Studio Solution File, Format Version 12.00
# Visual Studio Version 17
VisualStudioVersion = 17.3.32922.545
MinimumVisualStudioVersion = 10.0.40219.1
Project("{FAE04EC0-301F-11D3-BF4B-00C04F79EFBC}") = "Steam2", "Steam2\Steam2.csproj", "{CEA0BD18-7332-4404-8A8D-1244432F797D}"
EndProject
Global
	GlobalSection(SolutionConfigurationPlatforms) = preSolution
		Debug|Any CPU = Debug|Any CPU
		Release|Any CPU = Release|Any CPU
	EndGlobalSection
	GlobalSection(ProjectConfigurationPlatforms) = postSolution
		{CEA0BD18-7332-4404-8A8D-1244432F797D}.Debug|Any CPU.ActiveCfg = Debug|Any CPU
		{CEA0BD18-7332-4404-8A8D-1244432F797D}.Debug|Any CPU.Build.0 = Debug|Any CPU
		{CEA0BD18-7332-4404-8A8D-1244432F797D}.Release|Any CPU.ActiveCfg = Release|Any CPU
		{CEA0BD18-7332-4404-8A8D-1244432F797D}.Release|Any CPU.Build.0 = Release|Any CPU
	EndGlobalSection
	GlobalSection(SolutionProperties) = preSolution
		HideSolutionNode = FALSE
	EndGlobalSection
	GlobalSection(ExtensibilityGlobals) = postSolution
		SolutionGuid = {2F03DFD4-0091-4E8C-BE44-211308F7AB39}
	EndGlobalSection
EndGlobal
